// !$*UTF8*$!
{
	archiveVersion = 1;
	classes = {
	};
	objectVersion = 54;
	objects = {

/* Begin PBXBuildFile section */
		0C80B921A6F3F58F76C31292 /* libPods-BirthdayAutopilot.a in Frameworks */ = {isa = PBXBuildFile; fileRef = 5DCACB8F33CDC322A6C60F78 /* libPods-BirthdayAutopilot.a */; };
		13B07FBF1A68108700A75B9A /* Images.xcassets in Resources */ = {isa = PBXBuildFile; fileRef = 13B07FB51A68108700A75B9A /* Images.xcassets */; };
		761780ED2CA45674006654EE /* AppDelegate.swift in Sources */ = {isa = PBXBuildFile; fileRef = 761780EC2CA45674006654EE /* AppDelegate.swift */; };
		81AB9BB82411601600AC10FF /* LaunchScreen.storyboard in Resources */ = {isa = PBXBuildFile; fileRef = 81AB9BB72411601600AC10FF /* LaunchScreen.storyboard */; };
		A2A000012F10000100000001 /* BirthdayAutopilotNativeTests.swift in Sources */ = {isa = PBXBuildFile; fileRef = A2A000032F10000100000003 /* BirthdayAutopilotNativeTests.swift */; };
		A2A000022F10000100000002 /* XCTest.framework in Frameworks */ = {isa = PBXBuildFile; fileRef = A2A000052F10000100000005 /* XCTest.framework */; };
		B1A000012F00000100000001 /* CompanionMessageModule.swift in Sources */ = {isa = PBXBuildFile; fileRef = B1A000032F00000100000003 /* CompanionMessageModule.swift */; };
		B1A000022F00000100000002 /* CompanionMessageModuleBridge.m in Sources */ = {isa = PBXBuildFile; fileRef = B1A000042F00000100000004 /* CompanionMessageModuleBridge.m */; };
		B1A000052F00000100000005 /* CompanionProtectedStore.swift in Sources */ = {isa = PBXBuildFile; fileRef = B1A000082F00000100000008 /* CompanionProtectedStore.swift */; };
		B1A000062F00000100000006 /* CompanionReminderModule.swift in Sources */ = {isa = PBXBuildFile; fileRef = B1A000092F00000100000009 /* CompanionReminderModule.swift */; };
		B1A000072F00000100000007 /* CompanionReminderModuleBridge.m in Sources */ = {isa = PBXBuildFile; fileRef = B1A0000A2F0000010000000A /* CompanionReminderModuleBridge.m */; };
		B1A0000B2F0000010000000B /* PrivacyInfo.xcprivacy in Resources */ = {isa = PBXBuildFile; fileRef = 13B07FB81A68108700A75B9A /* PrivacyInfo.xcprivacy */; };
		B1A0000C2F0000010000000C /* BirthdayNativeModule.swift in Sources */ = {isa = PBXBuildFile; fileRef = B1A0000E2F0000010000000E /* BirthdayNativeModule.swift */; };
		B1A0000D2F0000010000000D /* BirthdayNativeModuleBridge.mm in Sources */ = {isa = PBXBuildFile; fileRef = B1A0000F2F0000010000000F /* BirthdayNativeModuleBridge.mm */; };
		B2A000012F10000100000001 /* IOSPeopleBackgroundRefreshPolicyTests.swift in Sources */ = {isa = PBXBuildFile; fileRef = B2A000022F10000100000002 /* IOSPeopleBackgroundRefreshPolicyTests.swift */; };
		B2A000032F10000100000003 /* IOSPhoneNumberNormalizerTests.swift in Sources */ = {isa = PBXBuildFile; fileRef = B2A000042F10000100000004 /* IOSPhoneNumberNormalizerTests.swift */; };
		B2A000052F10000100000005 /* IOSCompanionRetentionPolicyTests.swift in Sources */ = {isa = PBXBuildFile; fileRef = B2A000062F10000100000006 /* IOSCompanionRetentionPolicyTests.swift */; };
		C1A000012F00000100000001 /* PeopleContracts.swift in Sources */ = {isa = PBXBuildFile; fileRef = C1A000112F00000100000011 /* PeopleContracts.swift */; };
		C1A000022F00000100000002 /* PeopleJSONParser.swift in Sources */ = {isa = PBXBuildFile; fileRef = C1A000122F00000100000012 /* PeopleJSONParser.swift */; };
		C1A000032F00000100000003 /* PeopleAPIClient.swift in Sources */ = {isa = PBXBuildFile; fileRef = C1A000132F00000100000013 /* PeopleAPIClient.swift */; };
		C1A000042F00000100000004 /* IOSPeopleAuthorizationGateway.swift in Sources */ = {isa = PBXBuildFile; fileRef = C1A000142F00000100000014 /* IOSPeopleAuthorizationGateway.swift */; };
		C1A000052F00000100000005 /* IOSPeopleSyncCoordinator.swift in Sources */ = {isa = PBXBuildFile; fileRef = C1A000152F00000100000015 /* IOSPeopleSyncCoordinator.swift */; };
		C1A000062F00000100000006 /* CompanionPeopleStore.swift in Sources */ = {isa = PBXBuildFile; fileRef = C1A000162F00000100000016 /* CompanionPeopleStore.swift */; };
		C1A000072F00000100000007 /* IOSGoogleConfiguration.swift in Sources */ = {isa = PBXBuildFile; fileRef = C1A000172F00000100000017 /* IOSGoogleConfiguration.swift */; };
		C1A000082F00000100000008 /* IOSGoogleIdentityCoordinator.swift in Sources */ = {isa = PBXBuildFile; fileRef = C1A000182F00000100000018 /* IOSGoogleIdentityCoordinator.swift */; };
		C1A000092F00000100000009 /* IOSPeopleSyncFencePolicy.swift in Sources */ = {isa = PBXBuildFile; fileRef = C1A0001A2F0000010000001A /* IOSPeopleSyncFencePolicy.swift */; };
		C1A0000A2F0000010000000A /* IOSNativePresentationFormatter.swift in Sources */ = {isa = PBXBuildFile; fileRef = C1A0001B2F0000010000001B /* IOSNativePresentationFormatter.swift */; };
		C1A0000B2F0000010000000B /* IOSPeopleBackgroundRefreshPolicy.swift in Sources */ = {isa = PBXBuildFile; fileRef = C1A0001C2F0000010000001C /* IOSPeopleBackgroundRefreshPolicy.swift */; };
		C1A0000C2F0000010000000C /* IOSPeopleBackgroundRefreshCoordinator.swift in Sources */ = {isa = PBXBuildFile; fileRef = C1A0001D2F0000010000001D /* IOSPeopleBackgroundRefreshCoordinator.swift */; };
		C1A0000D2F0000010000000D /* IOSPhoneNumberNormalizer.swift in Sources */ = {isa = PBXBuildFile; fileRef = C1A0001E2F0000010000001E /* IOSPhoneNumberNormalizer.swift */; };
		C1A0000E2F0000010000000E /* IOSCompanionRetentionPolicy.swift in Sources */ = {isa = PBXBuildFile; fileRef = C1A0001F2F0000010000001F /* IOSCompanionRetentionPolicy.swift */; };
		C1A0000F2F0000010000000F /* IOSCompanionAttentionNotifier.swift in Sources */ = {isa = PBXBuildFile; fileRef = C1A000222F00000100000022 /* IOSCompanionAttentionNotifier.swift */; };
		C1A000302F00000100000030 /* SceneDelegate.swift in Sources */ = {isa = PBXBuildFile; fileRef = C1A000312F00000100000031 /* SceneDelegate.swift */; };
		D1A000012F00000100000001 /* IOSCompanionWorkflowModels.swift in Sources */ = {isa = PBXBuildFile; fileRef = D1A000112F00000100000011 /* IOSCompanionWorkflowModels.swift */; };
		D1A000022F00000100000002 /* IOSCompanionWorkflowEngine.swift in Sources */ = {isa = PBXBuildFile; fileRef = D1A000122F00000100000012 /* IOSCompanionWorkflowEngine.swift */; };
		D1A000032F00000100000003 /* IOSCompanionStatusClient.swift in Sources */ = {isa = PBXBuildFile; fileRef = D1A000132F00000100000013 /* IOSCompanionStatusClient.swift */; };
		D1A000042F00000100000004 /* IOSCompanionMessagePlaceholderPolicy.swift in Sources */ = {isa = PBXBuildFile; fileRef = D1A000142F00000100000014 /* IOSCompanionMessagePlaceholderPolicy.swift */; };
		D1A000052F00000100000005 /* IOSCompanionPlanningIndex.swift in Sources */ = {isa = PBXBuildFile; fileRef = D1A000152F00000100000015 /* IOSCompanionPlanningIndex.swift */; };
		D1A000062F00000100000006 /* IOSCompanionOccurrenceIdentity.swift in Sources */ = {isa = PBXBuildFile; fileRef = D1A000162F00000100000016 /* IOSCompanionOccurrenceIdentity.swift */; };
		D1A000072F00000100000007 /* IOSCompanionTerminalLedger.swift in Sources */ = {isa = PBXBuildFile; fileRef = D1A000172F00000100000017 /* IOSCompanionTerminalLedger.swift */; };
		D1A000082F00000100000008 /* IOSComposerReservationClient.swift in Sources */ = {isa = PBXBuildFile; fileRef = D1A000182F00000100000018 /* IOSComposerReservationClient.swift */; };
		D1A000092F00000100000009 /* IOSComposerReservationJournal.swift in Sources */ = {isa = PBXBuildFile; fileRef = D1A000192F00000100000019 /* IOSComposerReservationJournal.swift */; };
		D1A0000A2F0000010000000A /* IOSComposerReservationPolicy.swift in Sources */ = {isa = PBXBuildFile; fileRef = D1A0001A2F0000010000001A /* IOSComposerReservationPolicy.swift */; };
		E1A000012F00000100000001 /* GeminiSuggestionPolicy.swift in Sources */ = {isa = PBXBuildFile; fileRef = E1A000112F00000100000011 /* GeminiSuggestionPolicy.swift */; };
		E1A000022F00000100000002 /* IOSGeminiSuggestionGateway.swift in Sources */ = {isa = PBXBuildFile; fileRef = E1A000122F00000100000012 /* IOSGeminiSuggestionGateway.swift */; };
		E1A000032F00000100000003 /* GeminiCandidateProvenanceRegistry.swift in Sources */ = {isa = PBXBuildFile; fileRef = E1A000132F00000100000013 /* GeminiCandidateProvenanceRegistry.swift */; };
		E1A000042F00000100000004 /* IOSGeminiOperationalPolicy.swift in Sources */ = {isa = PBXBuildFile; fileRef = E1A000142F00000100000014 /* IOSGeminiOperationalPolicy.swift */; };
		E1A000052F00000100000005 /* IOSGeminiOperationalGate.swift in Sources */ = {isa = PBXBuildFile; fileRef = E1A000152F00000100000015 /* IOSGeminiOperationalGate.swift */; };
		F1A000012F00000100000001 /* IOSAccountDeletionClient.swift in Sources */ = {isa = PBXBuildFile; fileRef = F1A000112F00000100000011 /* IOSAccountDeletionClient.swift */; };
		F1A000022F00000100000002 /* IOSAccountDeletionReceiptStore.swift in Sources */ = {isa = PBXBuildFile; fileRef = F1A000122F00000100000012 /* IOSAccountDeletionReceiptStore.swift */; };
		F1A000032F00000100000003 /* IOSAccountDeletionLocalCleanupCoordinator.swift in Sources */ = {isa = PBXBuildFile; fileRef = F1A000132F00000100000013 /* IOSAccountDeletionLocalCleanupCoordinator.swift */; };
		F1A000042F00000100000004 /* IOSCompanionNotificationRouter.swift in Sources */ = {isa = PBXBuildFile; fileRef = F1A000142F00000100000014 /* IOSCompanionNotificationRouter.swift */; };
		F1A000052F00000100000005 /* IOSContactDerivedResetClient.swift in Sources */ = {isa = PBXBuildFile; fileRef = F1A000152F00000100000015 /* IOSContactDerivedResetClient.swift */; };
		F1A000062F00000100000006 /* IOSAccountDeletionReceiptClient.swift in Sources */ = {isa = PBXBuildFile; fileRef = F1A000162F00000100000016 /* IOSAccountDeletionReceiptClient.swift */; };
		F1A000072F00000100000007 /* IOSAccountDeletionRecoveryStore.swift in Sources */ = {isa = PBXBuildFile; fileRef = F1A000172F00000100000017 /* IOSAccountDeletionRecoveryStore.swift */; };
		F1A000082F00000100000008 /* IOSCompanionWipeRecoveryStore.swift in Sources */ = {isa = PBXBuildFile; fileRef = F1A000182F00000100000018 /* IOSCompanionWipeRecoveryStore.swift */; };
		G1A000012F40000100000001 /* IOSNativeBoundaryPolicies.swift in Sources */ = {isa = PBXBuildFile; fileRef = G1A000032F40000100000003 /* IOSNativeBoundaryPolicies.swift */; };
		G1A000022F40000100000002 /* IOSNativeComponentBoundaryTests.swift in Sources */ = {isa = PBXBuildFile; fileRef = G1A000042F40000100000004 /* IOSNativeComponentBoundaryTests.swift */; };
		SMK000012F30000100000001 /* BirthdayNativeSmokeModuleBridge.mm in Sources */ = {isa = PBXBuildFile; fileRef = SMK000022F30000100000002 /* BirthdayNativeSmokeModuleBridge.mm */; };
/* End PBXBuildFile section */

/* Begin PBXContainerItemProxy section */
		A2A0000B2F1000010000000B /* PBXContainerItemProxy */ = {
			isa = PBXContainerItemProxy;
			containerPortal = 83CBB9F71A601CBA00E9B192 /* Project object */;
			proxyType = 1;
			remoteGlobalIDString = 13B07F861A680F5B00A75B9A;
			remoteInfo = BirthdayAutopilot;
		};
/* End PBXContainerItemProxy section */

/* Begin PBXFileReference section */
		13B07F961A680F5B00A75B9A /* BirthdayAutopilot.app */ = {isa = PBXFileReference; explicitFileType = wrapper.application; includeInIndex = 0; path = BirthdayAutopilot.app; sourceTree = BUILT_PRODUCTS_DIR; };
		13B07FB51A68108700A75B9A /* Images.xcassets */ = {isa = PBXFileReference; lastKnownFileType = folder.assetcatalog; name = Images.xcassets; path = BirthdayAutopilot/Images.xcassets; sourceTree = "<group>"; };
		13B07FB61A68108700A75B9A /* Info.plist */ = {isa = PBXFileReference; fileEncoding = 4; lastKnownFileType = text.plist.xml; name = Info.plist; path = BirthdayAutopilot/Info.plist; sourceTree = "<group>"; };
		13B07FB81A68108700A75B9A /* PrivacyInfo.xcprivacy */ = {isa = PBXFileReference; fileEncoding = 4; lastKnownFileType = text.plist.xml; name = PrivacyInfo.xcprivacy; path = BirthdayAutopilot/PrivacyInfo.xcprivacy; sourceTree = "<group>"; };
		3B4392A12AC88292D35C810B /* Pods-BirthdayAutopilot.debug.xcconfig */ = {isa = PBXFileReference; includeInIndex = 1; lastKnownFileType = text.xcconfig; name = "Pods-BirthdayAutopilot.debug.xcconfig"; path = "Target Support Files/Pods-BirthdayAutopilot/Pods-BirthdayAutopilot.debug.xcconfig"; sourceTree = "<group>"; };
		5709B34CF0A7D63546082F79 /* Pods-BirthdayAutopilot.release.xcconfig */ = {isa = PBXFileReference; includeInIndex = 1; lastKnownFileType = text.xcconfig; name = "Pods-BirthdayAutopilot.release.xcconfig"; path = "Target Support Files/Pods-BirthdayAutopilot/Pods-BirthdayAutopilot.release.xcconfig"; sourceTree = "<group>"; };
		5DCACB8F33CDC322A6C60F78 /* libPods-BirthdayAutopilot.a */ = {isa = PBXFileReference; explicitFileType = archive.ar; includeInIndex = 0; path = "libPods-BirthdayAutopilot.a"; sourceTree = BUILT_PRODUCTS_DIR; };
		761780EC2CA45674006654EE /* AppDelegate.swift */ = {isa = PBXFileReference; lastKnownFileType = sourcecode.swift; name = AppDelegate.swift; path = BirthdayAutopilot/AppDelegate.swift; sourceTree = "<group>"; };
		81AB9BB72411601600AC10FF /* LaunchScreen.storyboard */ = {isa = PBXFileReference; fileEncoding = 4; lastKnownFileType = file.storyboard; name = LaunchScreen.storyboard; path = BirthdayAutopilot/LaunchScreen.storyboard; sourceTree = "<group>"; };
		A2A000032F10000100000003 /* BirthdayAutopilotNativeTests.swift */ = {isa = PBXFileReference; lastKnownFileType = sourcecode.swift; name = BirthdayAutopilotNativeTests.swift; path = BirthdayAutopilotTests/BirthdayAutopilotNativeTests.swift; sourceTree = "<group>"; };
		A2A000042F10000100000004 /* BirthdayAutopilotTests.xctest */ = {isa = PBXFileReference; explicitFileType = wrapper.cfbundle; includeInIndex = 0; path = BirthdayAutopilotTests.xctest; sourceTree = BUILT_PRODUCTS_DIR; };
		A2A000052F10000100000005 /* XCTest.framework */ = {isa = PBXFileReference; lastKnownFileType = wrapper.framework; name = XCTest.framework; path = System/Library/Frameworks/XCTest.framework; sourceTree = SDKROOT; };
		B1A000032F00000100000003 /* CompanionMessageModule.swift */ = {isa = PBXFileReference; lastKnownFileType = sourcecode.swift; name = CompanionMessageModule.swift; path = BirthdayAutopilot/CompanionMessageModule.swift; sourceTree = "<group>"; };
		B1A000042F00000100000004 /* CompanionMessageModuleBridge.m */ = {isa = PBXFileReference; lastKnownFileType = sourcecode.c.objc; name = CompanionMessageModuleBridge.m; path = BirthdayAutopilot/CompanionMessageModuleBridge.m; sourceTree = "<group>"; };
		B1A000082F00000100000008 /* CompanionProtectedStore.swift */ = {isa = PBXFileReference; lastKnownFileType = sourcecode.swift; name = CompanionProtectedStore.swift; path = BirthdayAutopilot/CompanionProtectedStore.swift; sourceTree = "<group>"; };
		B1A000092F00000100000009 /* CompanionReminderModule.swift */ = {isa = PBXFileReference; lastKnownFileType = sourcecode.swift; name = CompanionReminderModule.swift; path = BirthdayAutopilot/CompanionReminderModule.swift; sourceTree = "<group>"; };
		B1A0000A2F0000010000000A /* CompanionReminderModuleBridge.m */ = {isa = PBXFileReference; lastKnownFileType = sourcecode.c.objc; name = CompanionReminderModuleBridge.m; path = BirthdayAutopilot/CompanionReminderModuleBridge.m; sourceTree = "<group>"; };
		B1A0000E2F0000010000000E /* BirthdayNativeModule.swift */ = {isa = PBXFileReference; lastKnownFileType = sourcecode.swift; name = BirthdayNativeModule.swift; path = BirthdayAutopilot/BirthdayNativeModule.swift; sourceTree = "<group>"; };
		B1A0000F2F0000010000000F /* BirthdayNativeModuleBridge.mm */ = {isa = PBXFileReference; lastKnownFileType = sourcecode.cpp.objcpp; name = BirthdayNativeModuleBridge.mm; path = BirthdayAutopilot/BirthdayNativeModuleBridge.mm; sourceTree = "<group>"; };
		B2A000022F10000100000002 /* IOSPeopleBackgroundRefreshPolicyTests.swift */ = {isa = PBXFileReference; lastKnownFileType = sourcecode.swift; name = IOSPeopleBackgroundRefreshPolicyTests.swift; path = BirthdayAutopilotTests/IOSPeopleBackgroundRefreshPolicyTests.swift; sourceTree = "<group>"; };
		B2A000042F10000100000004 /* IOSPhoneNumberNormalizerTests.swift */ = {isa = PBXFileReference; lastKnownFileType = sourcecode.swift; name = IOSPhoneNumberNormalizerTests.swift; path = BirthdayAutopilotTests/IOSPhoneNumberNormalizerTests.swift; sourceTree = "<group>"; };
		B2A000062F10000100000006 /* IOSCompanionRetentionPolicyTests.swift */ = {isa = PBXFileReference; lastKnownFileType = sourcecode.swift; name = IOSCompanionRetentionPolicyTests.swift; path = BirthdayAutopilotTests/IOSCompanionRetentionPolicyTests.swift; sourceTree = "<group>"; };
		C1A000112F00000100000011 /* PeopleContracts.swift */ = {isa = PBXFileReference; lastKnownFileType = sourcecode.swift; name = PeopleContracts.swift; path = BirthdayAutopilot/Contacts/PeopleContracts.swift; sourceTree = "<group>"; };
		C1A000122F00000100000012 /* PeopleJSONParser.swift */ = {isa = PBXFileReference; lastKnownFileType = sourcecode.swift; name = PeopleJSONParser.swift; path = BirthdayAutopilot/Contacts/PeopleJSONParser.swift; sourceTree = "<group>"; };
		C1A000132F00000100000013 /* PeopleAPIClient.swift */ = {isa = PBXFileReference; lastKnownFileType = sourcecode.swift; name = PeopleAPIClient.swift; path = BirthdayAutopilot/Contacts/PeopleAPIClient.swift; sourceTree = "<group>"; };
		C1A000142F00000100000014 /* IOSPeopleAuthorizationGateway.swift */ = {isa = PBXFileReference; lastKnownFileType = sourcecode.swift; name = IOSPeopleAuthorizationGateway.swift; path = BirthdayAutopilot/Contacts/IOSPeopleAuthorizationGateway.swift; sourceTree = "<group>"; };
		C1A000152F00000100000015 /* IOSPeopleSyncCoordinator.swift */ = {isa = PBXFileReference; lastKnownFileType = sourcecode.swift; name = IOSPeopleSyncCoordinator.swift; path = BirthdayAutopilot/Contacts/IOSPeopleSyncCoordinator.swift; sourceTree = "<group>"; };
		C1A000162F00000100000016 /* CompanionPeopleStore.swift */ = {isa = PBXFileReference; lastKnownFileType = sourcecode.swift; name = CompanionPeopleStore.swift; path = BirthdayAutopilot/Database/CompanionPeopleStore.swift; sourceTree = "<group>"; };
		C1A000172F00000100000017 /* IOSGoogleConfiguration.swift */ = {isa = PBXFileReference; lastKnownFileType = sourcecode.swift; name = IOSGoogleConfiguration.swift; path = BirthdayAutopilot/Identity/IOSGoogleConfiguration.swift; sourceTree = "<group>"; };
		C1A000182F00000100000018 /* IOSGoogleIdentityCoordinator.swift */ = {isa = PBXFileReference; lastKnownFileType = sourcecode.swift; name = IOSGoogleIdentityCoordinator.swift; path = BirthdayAutopilot/Identity/IOSGoogleIdentityCoordinator.swift; sourceTree = "<group>"; };
		C1A000192F00000100000019 /* BirthdayAutopilot.entitlements */ = {isa = PBXFileReference; lastKnownFileType = text.plist.entitlements; name = BirthdayAutopilot.entitlements; path = BirthdayAutopilot/BirthdayAutopilot.entitlements; sourceTree = "<group>"; };
		C1A0001A2F0000010000001A /* IOSPeopleSyncFencePolicy.swift */ = {isa = PBXFileReference; lastKnownFileType = sourcecode.swift; name = IOSPeopleSyncFencePolicy.swift; path = BirthdayAutopilot/Contacts/IOSPeopleSyncFencePolicy.swift; sourceTree = "<group>"; };
		C1A0001B2F0000010000001B /* IOSNativePresentationFormatter.swift */ = {isa = PBXFileReference; lastKnownFileType = sourcecode.swift; name = IOSNativePresentationFormatter.swift; path = BirthdayAutopilot/Contacts/IOSNativePresentationFormatter.swift; sourceTree = "<group>"; };
		C1A0001C2F0000010000001C /* IOSPeopleBackgroundRefreshPolicy.swift */ = {isa = PBXFileReference; lastKnownFileType = sourcecode.swift; name = IOSPeopleBackgroundRefreshPolicy.swift; path = BirthdayAutopilot/Contacts/IOSPeopleBackgroundRefreshPolicy.swift; sourceTree = "<group>"; };
		C1A0001D2F0000010000001D /* IOSPeopleBackgroundRefreshCoordinator.swift */ = {isa = PBXFileReference; lastKnownFileType = sourcecode.swift; name = IOSPeopleBackgroundRefreshCoordinator.swift; path = BirthdayAutopilot/Contacts/IOSPeopleBackgroundRefreshCoordinator.swift; sourceTree = "<group>"; };
		C1A0001E2F0000010000001E /* IOSPhoneNumberNormalizer.swift */ = {isa = PBXFileReference; lastKnownFileType = sourcecode.swift; name = IOSPhoneNumberNormalizer.swift; path = BirthdayAutopilot/Contacts/IOSPhoneNumberNormalizer.swift; sourceTree = "<group>"; };
		C1A0001F2F0000010000001F /* IOSCompanionRetentionPolicy.swift */ = {isa = PBXFileReference; lastKnownFileType = sourcecode.swift; name = IOSCompanionRetentionPolicy.swift; path = BirthdayAutopilot/Privacy/IOSCompanionRetentionPolicy.swift; sourceTree = "<group>"; };
		C1A000212F00000100000021 /* Info-Debug.plist */ = {isa = PBXFileReference; fileEncoding = 4; lastKnownFileType = text.plist.xml; name = "Info-Debug.plist"; path = "BirthdayAutopilot/Info-Debug.plist"; sourceTree = "<group>"; };
		C1A000222F00000100000022 /* IOSCompanionAttentionNotifier.swift */ = {isa = PBXFileReference; lastKnownFileType = sourcecode.swift; name = IOSCompanionAttentionNotifier.swift; path = BirthdayAutopilot/Notifications/IOSCompanionAttentionNotifier.swift; sourceTree = "<group>"; };
		C1A000312F00000100000031 /* SceneDelegate.swift */ = {isa = PBXFileReference; lastKnownFileType = sourcecode.swift; name = SceneDelegate.swift; path = BirthdayAutopilot/SceneDelegate.swift; sourceTree = "<group>"; };
		D1A000112F00000100000011 /* IOSCompanionWorkflowModels.swift */ = {isa = PBXFileReference; lastKnownFileType = sourcecode.swift; name = IOSCompanionWorkflowModels.swift; path = BirthdayAutopilot/Automation/IOSCompanionWorkflowModels.swift; sourceTree = "<group>"; };
		D1A000122F00000100000012 /* IOSCompanionWorkflowEngine.swift */ = {isa = PBXFileReference; lastKnownFileType = sourcecode.swift; name = IOSCompanionWorkflowEngine.swift; path = BirthdayAutopilot/Automation/IOSCompanionWorkflowEngine.swift; sourceTree = "<group>"; };
		D1A000132F00000100000013 /* IOSCompanionStatusClient.swift */ = {isa = PBXFileReference; lastKnownFileType = sourcecode.swift; name = IOSCompanionStatusClient.swift; path = BirthdayAutopilot/Automation/IOSCompanionStatusClient.swift; sourceTree = "<group>"; };
		D1A000142F00000100000014 /* IOSCompanionMessagePlaceholderPolicy.swift */ = {isa = PBXFileReference; lastKnownFileType = sourcecode.swift; name = IOSCompanionMessagePlaceholderPolicy.swift; path = BirthdayAutopilot/Automation/IOSCompanionMessagePlaceholderPolicy.swift; sourceTree = "<group>"; };
		D1A000152F00000100000015 /* IOSCompanionPlanningIndex.swift */ = {isa = PBXFileReference; lastKnownFileType = sourcecode.swift; name = IOSCompanionPlanningIndex.swift; path = BirthdayAutopilot/Automation/IOSCompanionPlanningIndex.swift; sourceTree = "<group>"; };
		D1A000162F00000100000016 /* IOSCompanionOccurrenceIdentity.swift */ = {isa = PBXFileReference; lastKnownFileType = sourcecode.swift; name = IOSCompanionOccurrenceIdentity.swift; path = BirthdayAutopilot/Automation/IOSCompanionOccurrenceIdentity.swift; sourceTree = "<group>"; };
		D1A000172F00000100000017 /* IOSCompanionTerminalLedger.swift */ = {isa = PBXFileReference; lastKnownFileType = sourcecode.swift; name = IOSCompanionTerminalLedger.swift; path = BirthdayAutopilot/Automation/IOSCompanionTerminalLedger.swift; sourceTree = "<group>"; };
		D1A000182F00000100000018 /* IOSComposerReservationClient.swift */ = {isa = PBXFileReference; lastKnownFileType = sourcecode.swift; name = IOSComposerReservationClient.swift; path = BirthdayAutopilot/Automation/IOSComposerReservationClient.swift; sourceTree = "<group>"; };
		D1A000192F00000100000019 /* IOSComposerReservationJournal.swift */ = {isa = PBXFileReference; lastKnownFileType = sourcecode.swift; name = IOSComposerReservationJournal.swift; path = BirthdayAutopilot/Automation/IOSComposerReservationJournal.swift; sourceTree = "<group>"; };
		D1A0001A2F0000010000001A /* IOSComposerReservationPolicy.swift */ = {isa = PBXFileReference; lastKnownFileType = sourcecode.swift; name = IOSComposerReservationPolicy.swift; path = BirthdayAutopilot/Automation/IOSComposerReservationPolicy.swift; sourceTree = "<group>"; };
		E1A000112F00000100000011 /* GeminiSuggestionPolicy.swift */ = {isa = PBXFileReference; lastKnownFileType = sourcecode.swift; name = GeminiSuggestionPolicy.swift; path = BirthdayAutopilot/Gemini/GeminiSuggestionPolicy.swift; sourceTree = "<group>"; };
		E1A000122F00000100000012 /* IOSGeminiSuggestionGateway.swift */ = {isa = PBXFileReference; lastKnownFileType = sourcecode.swift; name = IOSGeminiSuggestionGateway.swift; path = BirthdayAutopilot/Gemini/IOSGeminiSuggestionGateway.swift; sourceTree = "<group>"; };
		E1A000132F00000100000013 /* GeminiCandidateProvenanceRegistry.swift */ = {isa = PBXFileReference; lastKnownFileType = sourcecode.swift; name = GeminiCandidateProvenanceRegistry.swift; path = BirthdayAutopilot/Gemini/GeminiCandidateProvenanceRegistry.swift; sourceTree = "<group>"; };
		E1A000142F00000100000014 /* IOSGeminiOperationalPolicy.swift */ = {isa = PBXFileReference; lastKnownFileType = sourcecode.swift; name = IOSGeminiOperationalPolicy.swift; path = BirthdayAutopilot/Gemini/IOSGeminiOperationalPolicy.swift; sourceTree = "<group>"; };
		E1A000152F00000100000015 /* IOSGeminiOperationalGate.swift */ = {isa = PBXFileReference; lastKnownFileType = sourcecode.swift; name = IOSGeminiOperationalGate.swift; path = BirthdayAutopilot/Gemini/IOSGeminiOperationalGate.swift; sourceTree = "<group>"; };
		ED297162215061F000B7C4FE /* JavaScriptCore.framework */ = {isa = PBXFileReference; lastKnownFileType = wrapper.framework; name = JavaScriptCore.framework; path = System/Library/Frameworks/JavaScriptCore.framework; sourceTree = SDKROOT; };
		F1A000112F00000100000011 /* IOSAccountDeletionClient.swift */ = {isa = PBXFileReference; lastKnownFileType = sourcecode.swift; name = IOSAccountDeletionClient.swift; path = BirthdayAutopilot/Automation/IOSAccountDeletionClient.swift; sourceTree = "<group>"; };
		F1A000122F00000100000012 /* IOSAccountDeletionReceiptStore.swift */ = {isa = PBXFileReference; lastKnownFileType = sourcecode.swift; name = IOSAccountDeletionReceiptStore.swift; path = BirthdayAutopilot/Privacy/IOSAccountDeletionReceiptStore.swift; sourceTree = "<group>"; };
		F1A000132F00000100000013 /* IOSAccountDeletionLocalCleanupCoordinator.swift */ = {isa = PBXFileReference; lastKnownFileType = sourcecode.swift; name = IOSAccountDeletionLocalCleanupCoordinator.swift; path = BirthdayAutopilot/Privacy/IOSAccountDeletionLocalCleanupCoordinator.swift; sourceTree = "<group>"; };
		F1A000142F00000100000014 /* IOSCompanionNotificationRouter.swift */ = {isa = PBXFileReference; lastKnownFileType = sourcecode.swift; name = IOSCompanionNotificationRouter.swift; path = BirthdayAutopilot/Notifications/IOSCompanionNotificationRouter.swift; sourceTree = "<group>"; };
		F1A000152F00000100000015 /* IOSContactDerivedResetClient.swift */ = {isa = PBXFileReference; lastKnownFileType = sourcecode.swift; name = IOSContactDerivedResetClient.swift; path = BirthdayAutopilot/Automation/IOSContactDerivedResetClient.swift; sourceTree = "<group>"; };
		F1A000162F00000100000016 /* IOSAccountDeletionReceiptClient.swift */ = {isa = PBXFileReference; lastKnownFileType = sourcecode.swift; name = IOSAccountDeletionReceiptClient.swift; path = BirthdayAutopilot/Automation/IOSAccountDeletionReceiptClient.swift; sourceTree = "<group>"; };
		F1A000172F00000100000017 /* IOSAccountDeletionRecoveryStore.swift */ = {isa = PBXFileReference; lastKnownFileType = sourcecode.swift; name = IOSAccountDeletionRecoveryStore.swift; path = BirthdayAutopilot/Privacy/IOSAccountDeletionRecoveryStore.swift; sourceTree = "<group>"; };
		F1A000182F00000100000018 /* IOSCompanionWipeRecoveryStore.swift */ = {isa = PBXFileReference; lastKnownFileType = sourcecode.swift; name = IOSCompanionWipeRecoveryStore.swift; path = BirthdayAutopilot/Privacy/IOSCompanionWipeRecoveryStore.swift; sourceTree = "<group>"; };
		G1A000032F40000100000003 /* IOSNativeBoundaryPolicies.swift */ = {isa = PBXFileReference; lastKnownFileType = sourcecode.swift; name = IOSNativeBoundaryPolicies.swift; path = BirthdayAutopilot/Automation/IOSNativeBoundaryPolicies.swift; sourceTree = "<group>"; };
		G1A000042F40000100000004 /* IOSNativeComponentBoundaryTests.swift */ = {isa = PBXFileReference; lastKnownFileType = sourcecode.swift; name = IOSNativeComponentBoundaryTests.swift; path = BirthdayAutopilotTests/IOSNativeComponentBoundaryTests.swift; sourceTree = "<group>"; };
		E2E000012F20000100000001 /* Info-E2E.plist */ = {isa = PBXFileReference; lastKnownFileType = text.plist.xml; name = "Info-E2E.plist"; path = "BirthdayAutopilot/Info-E2E.plist"; sourceTree = "<group>"; };
		E2E000022F20000100000002 /* BirthdayAutopilot-Debug.entitlements */ = {isa = PBXFileReference; lastKnownFileType = text.plist.entitlements; name = "BirthdayAutopilot-Debug.entitlements"; path = "BirthdayAutopilot/BirthdayAutopilot-Debug.entitlements"; sourceTree = "<group>"; };
		E2E000032F20000100000003 /* BirthdayAutopilot-E2E.entitlements */ = {isa = PBXFileReference; lastKnownFileType = text.plist.entitlements; name = "BirthdayAutopilot-E2E.entitlements"; path = "BirthdayAutopilot/BirthdayAutopilot-E2E.entitlements"; sourceTree = "<group>"; };
		SMK000022F30000100000002 /* BirthdayNativeSmokeModuleBridge.mm */ = {isa = PBXFileReference; lastKnownFileType = sourcecode.cpp.objcpp; name = BirthdayNativeSmokeModuleBridge.mm; path = BirthdayAutopilot/BirthdayNativeSmokeModuleBridge.mm; sourceTree = "<group>"; };
		SMK000032F30000100000003 /* Info-Smoke.plist */ = {isa = PBXFileReference; lastKnownFileType = text.plist.xml; name = "Info-Smoke.plist"; path = "BirthdayAutopilot/Info-Smoke.plist"; sourceTree = "<group>"; };
		SMK000042F30000100000004 /* BirthdayAutopilot-Smoke.entitlements */ = {isa = PBXFileReference; lastKnownFileType = text.plist.entitlements; name = "BirthdayAutopilot-Smoke.entitlements"; path = "BirthdayAutopilot/BirthdayAutopilot-Smoke.entitlements"; sourceTree = "<group>"; };
/* End PBXFileReference section */

/* Begin PBXFrameworksBuildPhase section */
		13B07F8C1A680F5B00A75B9A /* Frameworks */ = {
			isa = PBXFrameworksBuildPhase;
			buildActionMask = 2147483647;
			files = (
				0C80B921A6F3F58F76C31292 /* libPods-BirthdayAutopilot.a in Frameworks */,
			);
			runOnlyForDeploymentPostprocessing = 0;
		};
		A2A000062F10000100000006 /* Frameworks */ = {
			isa = PBXFrameworksBuildPhase;
			buildActionMask = 2147483647;
			files = (
				A2A000022F10000100000002 /* XCTest.framework in Frameworks */,
			);
			runOnlyForDeploymentPostprocessing = 0;
		};
/* End PBXFrameworksBuildPhase section */

/* Begin PBXGroup section */
		13B07FAE1A68108700A75B9A /* BirthdayAutopilot */ = {
			isa = PBXGroup;
			children = (
				13B07FB51A68108700A75B9A /* Images.xcassets */,
				761780EC2CA45674006654EE /* AppDelegate.swift */,
				C1A000312F00000100000031 /* SceneDelegate.swift */,
				B1A000032F00000100000003 /* CompanionMessageModule.swift */,
				B1A000042F00000100000004 /* CompanionMessageModuleBridge.m */,
				B1A000082F00000100000008 /* CompanionProtectedStore.swift */,
				B1A000092F00000100000009 /* CompanionReminderModule.swift */,
				B1A0000A2F0000010000000A /* CompanionReminderModuleBridge.m */,
				B1A0000E2F0000010000000E /* BirthdayNativeModule.swift */,
				B1A0000F2F0000010000000F /* BirthdayNativeModuleBridge.mm */,
				SMK000022F30000100000002 /* BirthdayNativeSmokeModuleBridge.mm */,
				C1A000112F00000100000011 /* PeopleContracts.swift */,
				C1A000122F00000100000012 /* PeopleJSONParser.swift */,
				C1A000132F00000100000013 /* PeopleAPIClient.swift */,
				C1A000142F00000100000014 /* IOSPeopleAuthorizationGateway.swift */,
				C1A000152F00000100000015 /* IOSPeopleSyncCoordinator.swift */,
				C1A000162F00000100000016 /* CompanionPeopleStore.swift */,
				C1A000172F00000100000017 /* IOSGoogleConfiguration.swift */,
				C1A000182F00000100000018 /* IOSGoogleIdentityCoordinator.swift */,
				C1A0001A2F0000010000001A /* IOSPeopleSyncFencePolicy.swift */,
				C1A0001B2F0000010000001B /* IOSNativePresentationFormatter.swift */,
				C1A0001C2F0000010000001C /* IOSPeopleBackgroundRefreshPolicy.swift */,
				C1A0001D2F0000010000001D /* IOSPeopleBackgroundRefreshCoordinator.swift */,
				C1A0001E2F0000010000001E /* IOSPhoneNumberNormalizer.swift */,
				C1A0001F2F0000010000001F /* IOSCompanionRetentionPolicy.swift */,
				C1A000222F00000100000022 /* IOSCompanionAttentionNotifier.swift */,
				D1A000112F00000100000011 /* IOSCompanionWorkflowModels.swift */,
				D1A000122F00000100000012 /* IOSCompanionWorkflowEngine.swift */,
				D1A000132F00000100000013 /* IOSCompanionStatusClient.swift */,
				D1A000142F00000100000014 /* IOSCompanionMessagePlaceholderPolicy.swift */,
				D1A000152F00000100000015 /* IOSCompanionPlanningIndex.swift */,
				D1A000162F00000100000016 /* IOSCompanionOccurrenceIdentity.swift */,
				D1A000172F00000100000017 /* IOSCompanionTerminalLedger.swift */,
				D1A000182F00000100000018 /* IOSComposerReservationClient.swift */,
				D1A000192F00000100000019 /* IOSComposerReservationJournal.swift */,
				D1A0001A2F0000010000001A /* IOSComposerReservationPolicy.swift */,
				G1A000032F40000100000003 /* IOSNativeBoundaryPolicies.swift */,
				E1A000112F00000100000011 /* GeminiSuggestionPolicy.swift */,
				E1A000122F00000100000012 /* IOSGeminiSuggestionGateway.swift */,
				E1A000132F00000100000013 /* GeminiCandidateProvenanceRegistry.swift */,
				E1A000142F00000100000014 /* IOSGeminiOperationalPolicy.swift */,
				E1A000152F00000100000015 /* IOSGeminiOperationalGate.swift */,
				F1A000112F00000100000011 /* IOSAccountDeletionClient.swift */,
				F1A000122F00000100000012 /* IOSAccountDeletionReceiptStore.swift */,
				F1A000132F00000100000013 /* IOSAccountDeletionLocalCleanupCoordinator.swift */,
				F1A000142F00000100000014 /* IOSCompanionNotificationRouter.swift */,
				F1A000152F00000100000015 /* IOSContactDerivedResetClient.swift */,
				F1A000162F00000100000016 /* IOSAccountDeletionReceiptClient.swift */,
				F1A000172F00000100000017 /* IOSAccountDeletionRecoveryStore.swift */,
				F1A000182F00000100000018 /* IOSCompanionWipeRecoveryStore.swift */,
				C1A000192F00000100000019 /* BirthdayAutopilot.entitlements */,
				E2E000022F20000100000002 /* BirthdayAutopilot-Debug.entitlements */,
				E2E000032F20000100000003 /* BirthdayAutopilot-E2E.entitlements */,
				SMK000042F30000100000004 /* BirthdayAutopilot-Smoke.entitlements */,
				13B07FB61A68108700A75B9A /* Info.plist */,
				C1A000212F00000100000021 /* Info-Debug.plist */,
				E2E000012F20000100000001 /* Info-E2E.plist */,
				SMK000032F30000100000003 /* Info-Smoke.plist */,
				81AB9BB72411601600AC10FF /* LaunchScreen.storyboard */,
				13B07FB81A68108700A75B9A /* PrivacyInfo.xcprivacy */,
			);
			name = BirthdayAutopilot;
			sourceTree = "<group>";
		};
		2D16E6871FA4F8E400B85C8A /* Frameworks */ = {
			isa = PBXGroup;
			children = (
				A2A000052F10000100000005 /* XCTest.framework */,
				ED297162215061F000B7C4FE /* JavaScriptCore.framework */,
				5DCACB8F33CDC322A6C60F78 /* libPods-BirthdayAutopilot.a */,
			);
			name = Frameworks;
			sourceTree = "<group>";
		};
		832341AE1AAA6A7D00B99B32 /* Libraries */ = {
			isa = PBXGroup;
			children = (
			);
			name = Libraries;
			sourceTree = "<group>";
		};
		83CBB9F61A601CBA00E9B192 = {
			isa = PBXGroup;
			children = (
				13B07FAE1A68108700A75B9A /* BirthdayAutopilot */,
				A2A000072F10000100000007 /* BirthdayAutopilotTests */,
				832341AE1AAA6A7D00B99B32 /* Libraries */,
				83CBBA001A601CBA00E9B192 /* Products */,
				2D16E6871FA4F8E400B85C8A /* Frameworks */,
				BBD78D7AC51CEA395F1C20DB /* Pods */,
			);
			indentWidth = 2;
			sourceTree = "<group>";
			tabWidth = 2;
			usesTabs = 0;
		};
		83CBBA001A601CBA00E9B192 /* Products */ = {
			isa = PBXGroup;
			children = (
				13B07F961A680F5B00A75B9A /* BirthdayAutopilot.app */,
				A2A000042F10000100000004 /* BirthdayAutopilotTests.xctest */,
			);
			name = Products;
			sourceTree = "<group>";
		};
		A2A000072F10000100000007 /* BirthdayAutopilotTests */ = {
			isa = PBXGroup;
			children = (
				A2A000032F10000100000003 /* BirthdayAutopilotNativeTests.swift */,
				B2A000022F10000100000002 /* IOSPeopleBackgroundRefreshPolicyTests.swift */,
				B2A000042F10000100000004 /* IOSPhoneNumberNormalizerTests.swift */,
				B2A000062F10000100000006 /* IOSCompanionRetentionPolicyTests.swift */,
				G1A000042F40000100000004 /* IOSNativeComponentBoundaryTests.swift */,
			);
			name = BirthdayAutopilotTests;
			sourceTree = "<group>";
		};
		BBD78D7AC51CEA395F1C20DB /* Pods */ = {
			isa = PBXGroup;
			children = (
				3B4392A12AC88292D35C810B /* Pods-BirthdayAutopilot.debug.xcconfig */,
				5709B34CF0A7D63546082F79 /* Pods-BirthdayAutopilot.release.xcconfig */,
			);
			path = Pods;
			sourceTree = "<group>";
		};
/* End PBXGroup section */

/* Begin PBXNativeTarget section */
		13B07F861A680F5B00A75B9A /* BirthdayAutopilot */ = {
			isa = PBXNativeTarget;
			buildConfigurationList = 13B07F931A680F5B00A75B9A /* Build configuration list for PBXNativeTarget "BirthdayAutopilot" */;
			buildPhases = (
				C38B50BA6285516D6DCD4F65 /* [CP] Check Pods Manifest.lock */,
				C1A000202F00000100000020 /* Validate and Copy Google Configuration */,
				SMK000052F30000100000005 /* Copy Production Smoke Projection Fixture */,
				13B07F871A680F5B00A75B9A /* Sources */,
				13B07F8C1A680F5B00A75B9A /* Frameworks */,
				13B07F8E1A680F5B00A75B9A /* Resources */,
				00DD1BFF1BD5951E006B06BC /* Bundle React Native code and images */,
				00EEFC60759A1932668264C0 /* [CP] Embed Pods Frameworks */,
				E235C05ADACE081382539298 /* [CP] Copy Pods Resources */,
			);
			buildRules = (
			);
			dependencies = (
			);
			name = BirthdayAutopilot;
			productName = BirthdayAutopilot;
			productReference = 13B07F961A680F5B00A75B9A /* BirthdayAutopilot.app */;
			productType = "com.apple.product-type.application";
		};
		A2A000082F10000100000008 /* BirthdayAutopilotTests */ = {
			isa = PBXNativeTarget;
			buildConfigurationList = A2A0000D2F1000010000000D /* Build configuration list for PBXNativeTarget "BirthdayAutopilotTests" */;
			buildPhases = (
				A2A000092F10000100000009 /* Sources */,
				A2A000062F10000100000006 /* Frameworks */,
			);
			buildRules = (
			);
			dependencies = (
				A2A0000A2F1000010000000A /* PBXTargetDependency */,
			);
			name = BirthdayAutopilotTests;
			productName = BirthdayAutopilotTests;
			productReference = A2A000042F10000100000004 /* BirthdayAutopilotTests.xctest */;
			productType = "com.apple.product-type.bundle.unit-test";
		};
/* End PBXNativeTarget section */

/* Begin PBXProject section */
		83CBB9F71A601CBA00E9B192 /* Project object */ = {
			isa = PBXProject;
			attributes = {
				LastUpgradeCheck = 1210;
				TargetAttributes = {
					13B07F861A680F5B00A75B9A = {
						LastSwiftMigration = 1120;
					};
					A2A000082F10000100000008 = {
						CreatedOnToolsVersion = 26.5;
						TestTargetID = 13B07F861A680F5B00A75B9A;
					};
				};
			};
			buildConfigurationList = 83CBB9FA1A601CBA00E9B192 /* Build configuration list for PBXProject "BirthdayAutopilot" */;
			compatibilityVersion = "Xcode 12.0";
			developmentRegion = en;
			hasScannedForEncodings = 0;
			knownRegions = (
				en,
				Base,
			);
			mainGroup = 83CBB9F61A601CBA00E9B192;
			productRefGroup = 83CBBA001A601CBA00E9B192 /* Products */;
			projectDirPath = "";
			projectRoot = "";
			targets = (
				13B07F861A680F5B00A75B9A /* BirthdayAutopilot */,
				A2A000082F10000100000008 /* BirthdayAutopilotTests */,
			);
		};
/* End PBXProject section */

/* Begin PBXResourcesBuildPhase section */
		13B07F8E1A680F5B00A75B9A /* Resources */ = {
			isa = PBXResourcesBuildPhase;
			buildActionMask = 2147483647;
			files = (
				81AB9BB82411601600AC10FF /* LaunchScreen.storyboard in Resources */,
				13B07FBF1A68108700A75B9A /* Images.xcassets in Resources */,
				B1A0000B2F0000010000000B /* PrivacyInfo.xcprivacy in Resources */,
			);
			runOnlyForDeploymentPostprocessing = 0;
		};
/* End PBXResourcesBuildPhase section */

/* Begin PBXShellScriptBuildPhase section */
		00DD1BFF1BD5951E006B06BC /* Bundle React Native code and images */ = {
			isa = PBXShellScriptBuildPhase;
			buildActionMask = 2147483647;
			files = (
			);
			inputPaths = (
				"$(SRCROOT)/.xcode.env.local",
				"$(SRCROOT)/.xcode.env",
				"$(SRCROOT)/scripts/bundle-react-native.sh",
			);
			name = "Bundle React Native code and images";
			outputPaths = (
			);
			runOnlyForDeploymentPostprocessing = 0;
			shellPath = /bin/sh;
			shellScript = "set -e\n\nWITH_ENVIRONMENT=\"$REACT_NATIVE_PATH/scripts/xcode/with-environment.sh\"\nBUNDLE_SCRIPT=\"${SRCROOT}/scripts/bundle-react-native.sh\"\n\n/bin/sh -c \"\\\"$WITH_ENVIRONMENT\\\" \\\"$BUNDLE_SCRIPT\\\"\"\n";
		};
		00EEFC60759A1932668264C0 /* [CP] Embed Pods Frameworks */ = {
			isa = PBXShellScriptBuildPhase;
			buildActionMask = 2147483647;
			files = (
			);
			inputFileListPaths = (
				"${PODS_ROOT}/Target Support Files/Pods-BirthdayAutopilot/Pods-BirthdayAutopilot-frameworks-${CONFIGURATION}-input-files.xcfilelist",
			);
			name = "[CP] Embed Pods Frameworks";
			outputFileListPaths = (
				"${PODS_ROOT}/Target Support Files/Pods-BirthdayAutopilot/Pods-BirthdayAutopilot-frameworks-${CONFIGURATION}-output-files.xcfilelist",
			);
			runOnlyForDeploymentPostprocessing = 0;
			shellPath = /bin/sh;
			shellScript = "\"${PODS_ROOT}/Target Support Files/Pods-BirthdayAutopilot/Pods-BirthdayAutopilot-frameworks.sh\"\n";
			showEnvVarsInLog = 0;
		};
		C1A000202F00000100000020 /* Validate and Copy Google Configuration */ = {
			isa = PBXShellScriptBuildPhase;
			alwaysOutOfDate = 1;
			buildActionMask = 2147483647;
			files = (
			);
			inputPaths = (
				"$(SRCROOT)/Config",
				"$(SRCROOT)/scripts/copy-google-config.sh",
			);
			name = "Validate and Copy Google Configuration";
			outputPaths = (
				"$(TARGET_BUILD_DIR)/$(UNLOCALIZED_RESOURCES_FOLDER_PATH)/GoogleService-Info.plist",
			);
			runOnlyForDeploymentPostprocessing = 0;
			shellPath = /bin/sh;
			shellScript = "\"${SRCROOT}/scripts/copy-google-config.sh\"\n";
			showEnvVarsInLog = 0;
		};
		SMK000052F30000100000005 /* Copy Production Smoke Projection Fixture */ = {
			isa = PBXShellScriptBuildPhase;
			alwaysOutOfDate = 1;
			buildActionMask = 2147483647;
			files = (
			);
			inputPaths = (
				"$(SRCROOT)/../e2e/production-smoke/production-smoke-projections.json",
				"$(SRCROOT)/../tools/validate-production-smoke-fixture.mjs",
				"$(SRCROOT)/.xcode.env",
				"$(SRCROOT)/scripts/copy-production-smoke-fixture.sh",
			);
			name = "Copy Production Smoke Projection Fixture";
			outputPaths = (
				"$(TARGET_BUILD_DIR)/$(UNLOCALIZED_RESOURCES_FOLDER_PATH)/production-smoke-projections.json",
			);
			runOnlyForDeploymentPostprocessing = 0;
			shellPath = /bin/sh;
			shellScript = "\"${SRCROOT}/scripts/copy-production-smoke-fixture.sh\"\n";
			showEnvVarsInLog = 0;
		};
		C38B50BA6285516D6DCD4F65 /* [CP] Check Pods Manifest.lock */ = {
			isa = PBXShellScriptBuildPhase;
			buildActionMask = 2147483647;
			files = (
			);
			inputFileListPaths = (
			);
			inputPaths = (
				"${PODS_PODFILE_DIR_PATH}/Podfile.lock",
				"${PODS_ROOT}/Manifest.lock",
			);
			name = "[CP] Check Pods Manifest.lock";
			outputFileListPaths = (
			);
			outputPaths = (
				"$(DERIVED_FILE_DIR)/Pods-BirthdayAutopilot-checkManifestLockResult.txt",
			);
			runOnlyForDeploymentPostprocessing = 0;
			shellPath = /bin/sh;
			shellScript = "diff \"${PODS_PODFILE_DIR_PATH}/Podfile.lock\" \"${PODS_ROOT}/Manifest.lock\" > /dev/null\nif [ $? != 0 ] ; then\n    # print error to STDERR\n    echo \"error: The sandbox is not in sync with the Podfile.lock. Run 'pod install' or update your CocoaPods installation.\" >&2\n    exit 1\nfi\n# This output is used by Xcode 'outputs' to avoid re-running this script phase.\necho \"SUCCESS\" > \"${SCRIPT_OUTPUT_FILE_0}\"\n";
			showEnvVarsInLog = 0;
		};
		E235C05ADACE081382539298 /* [CP] Copy Pods Resources */ = {
			isa = PBXShellScriptBuildPhase;
			buildActionMask = 2147483647;
			files = (
			);
			inputFileListPaths = (
				"${PODS_ROOT}/Target Support Files/Pods-BirthdayAutopilot/Pods-BirthdayAutopilot-resources-${CONFIGURATION}-input-files.xcfilelist",
			);
			name = "[CP] Copy Pods Resources";
			outputFileListPaths = (
				"${PODS_ROOT}/Target Support Files/Pods-BirthdayAutopilot/Pods-BirthdayAutopilot-resources-${CONFIGURATION}-output-files.xcfilelist",
			);
			runOnlyForDeploymentPostprocessing = 0;
			shellPath = /bin/sh;
			shellScript = "\"${PODS_ROOT}/Target Support Files/Pods-BirthdayAutopilot/Pods-BirthdayAutopilot-resources.sh\"\n";
			showEnvVarsInLog = 0;
		};
/* End PBXShellScriptBuildPhase section */

/* Begin PBXSourcesBuildPhase section */
		13B07F871A680F5B00A75B9A /* Sources */ = {
			isa = PBXSourcesBuildPhase;
			buildActionMask = 2147483647;
			files = (
				761780ED2CA45674006654EE /* AppDelegate.swift in Sources */,
				C1A000302F00000100000030 /* SceneDelegate.swift in Sources */,
				B1A000012F00000100000001 /* CompanionMessageModule.swift in Sources */,
				B1A000022F00000100000002 /* CompanionMessageModuleBridge.m in Sources */,
				B1A000052F00000100000005 /* CompanionProtectedStore.swift in Sources */,
				B1A000062F00000100000006 /* CompanionReminderModule.swift in Sources */,
				B1A000072F00000100000007 /* CompanionReminderModuleBridge.m in Sources */,
				B1A0000C2F0000010000000C /* BirthdayNativeModule.swift in Sources */,
				B1A0000D2F0000010000000D /* BirthdayNativeModuleBridge.mm in Sources */,
				SMK000012F30000100000001 /* BirthdayNativeSmokeModuleBridge.mm in Sources */,
				C1A000012F00000100000001 /* PeopleContracts.swift in Sources */,
				C1A000022F00000100000002 /* PeopleJSONParser.swift in Sources */,
				C1A000032F00000100000003 /* PeopleAPIClient.swift in Sources */,
				C1A000042F00000100000004 /* IOSPeopleAuthorizationGateway.swift in Sources */,
				C1A000052F00000100000005 /* IOSPeopleSyncCoordinator.swift in Sources */,
				C1A000062F00000100000006 /* CompanionPeopleStore.swift in Sources */,
				C1A000072F00000100000007 /* IOSGoogleConfiguration.swift in Sources */,
				C1A000082F00000100000008 /* IOSGoogleIdentityCoordinator.swift in Sources */,
				C1A000092F00000100000009 /* IOSPeopleSyncFencePolicy.swift in Sources */,
				C1A0000A2F0000010000000A /* IOSNativePresentationFormatter.swift in Sources */,
				C1A0000B2F0000010000000B /* IOSPeopleBackgroundRefreshPolicy.swift in Sources */,
				C1A0000C2F0000010000000C /* IOSPeopleBackgroundRefreshCoordinator.swift in Sources */,
				C1A0000D2F0000010000000D /* IOSPhoneNumberNormalizer.swift in Sources */,
				C1A0000E2F0000010000000E /* IOSCompanionRetentionPolicy.swift in Sources */,
				C1A0000F2F0000010000000F /* IOSCompanionAttentionNotifier.swift in Sources */,
				D1A000012F00000100000001 /* IOSCompanionWorkflowModels.swift in Sources */,
				D1A000022F00000100000002 /* IOSCompanionWorkflowEngine.swift in Sources */,
				D1A000032F00000100000003 /* IOSCompanionStatusClient.swift in Sources */,
				D1A000042F00000100000004 /* IOSCompanionMessagePlaceholderPolicy.swift in Sources */,
				D1A000052F00000100000005 /* IOSCompanionPlanningIndex.swift in Sources */,
				D1A000062F00000100000006 /* IOSCompanionOccurrenceIdentity.swift in Sources */,
				D1A000072F00000100000007 /* IOSCompanionTerminalLedger.swift in Sources */,
				D1A000082F00000100000008 /* IOSComposerReservationClient.swift in Sources */,
				D1A000092F00000100000009 /* IOSComposerReservationJournal.swift in Sources */,
				D1A0000A2F0000010000000A /* IOSComposerReservationPolicy.swift in Sources */,
				G1A000012F40000100000001 /* IOSNativeBoundaryPolicies.swift in Sources */,
				E1A000012F00000100000001 /* GeminiSuggestionPolicy.swift in Sources */,
				E1A000022F00000100000002 /* IOSGeminiSuggestionGateway.swift in Sources */,
				E1A000032F00000100000003 /* GeminiCandidateProvenanceRegistry.swift in Sources */,
				E1A000042F00000100000004 /* IOSGeminiOperationalPolicy.swift in Sources */,
				E1A000052F00000100000005 /* IOSGeminiOperationalGate.swift in Sources */,
				F1A000012F00000100000001 /* IOSAccountDeletionClient.swift in Sources */,
				F1A000022F00000100000002 /* IOSAccountDeletionReceiptStore.swift in Sources */,
				F1A000032F00000100000003 /* IOSAccountDeletionLocalCleanupCoordinator.swift in Sources */,
				F1A000042F00000100000004 /* IOSCompanionNotificationRouter.swift in Sources */,
				F1A000052F00000100000005 /* IOSContactDerivedResetClient.swift in Sources */,
				F1A000062F00000100000006 /* IOSAccountDeletionReceiptClient.swift in Sources */,
				F1A000072F00000100000007 /* IOSAccountDeletionRecoveryStore.swift in Sources */,
				F1A000082F00000100000008 /* IOSCompanionWipeRecoveryStore.swift in Sources */,
			);
			runOnlyForDeploymentPostprocessing = 0;
		};
		A2A000092F10000100000009 /* Sources */ = {
			isa = PBXSourcesBuildPhase;
			buildActionMask = 2147483647;
			files = (
				A2A000012F10000100000001 /* BirthdayAutopilotNativeTests.swift in Sources */,
				B2A000012F10000100000001 /* IOSPeopleBackgroundRefreshPolicyTests.swift in Sources */,
				B2A000032F10000100000003 /* IOSPhoneNumberNormalizerTests.swift in Sources */,
				B2A000052F10000100000005 /* IOSCompanionRetentionPolicyTests.swift in Sources */,
				G1A000022F40000100000002 /* IOSNativeComponentBoundaryTests.swift in Sources */,
			);
			runOnlyForDeploymentPostprocessing = 0;
		};
/* End PBXSourcesBuildPhase section */

/* Begin PBXTargetDependency section */
		A2A0000A2F1000010000000A /* PBXTargetDependency */ = {
			isa = PBXTargetDependency;
			target = 13B07F861A680F5B00A75B9A /* BirthdayAutopilot */;
			targetProxy = A2A0000B2F1000010000000B /* PBXContainerItemProxy */;
		};
/* End PBXTargetDependency section */

/* Begin XCBuildConfiguration section */
		13B07F941A680F5B00A75B9A /* Debug */ = {
			isa = XCBuildConfiguration;
			baseConfigurationReference = 3B4392A12AC88292D35C810B /* Pods-BirthdayAutopilot.debug.xcconfig */;
			buildSettings = {
				ASSETCATALOG_COMPILER_APPICON_NAME = AppIcon;
				BIRTHDAY_FIREBASE_ENV = dev;
				BIRTHDAY_FIREBASE_PROJECT_ID = "";
				BIRTHDAY_GOOGLE_REVERSED_CLIENT_ID = "";
				BIRTHDAY_LEDGER_GENERATION = "birthday-ledger-v1";
				BIRTHDAY_PRIVACY_REVIEW_APPROVED = NO;
				BIRTHDAY_SOURCE_REVISION = "";
				CLANG_ENABLE_MODULES = YES;
				CODE_SIGN_ENTITLEMENTS = "BirthdayAutopilot/BirthdayAutopilot-Debug.entitlements";
				CURRENT_PROJECT_VERSION = 1;
				ENABLE_BITCODE = NO;
				INFOPLIST_FILE = "BirthdayAutopilot/Info-Debug.plist";
				IPHONEOS_DEPLOYMENT_TARGET = 15.1;
				LD_RUNPATH_SEARCH_PATHS = (
					"$(inherited)",
					"@executable_path/Frameworks",
				);
				MARKETING_VERSION = 1.0;
				OTHER_LDFLAGS = (
					"$(inherited)",
					"-ObjC",
					"-lc++",
				);
				PRODUCT_BUNDLE_IDENTIFIER = com.yashsomani.birthdayautopilot.dev;
				PRODUCT_NAME = BirthdayAutopilot;
				SUPPORTED_PLATFORMS = "iphoneos iphonesimulator";
				SWIFT_OPTIMIZATION_LEVEL = "-Onone";
				SWIFT_VERSION = 5.0;
				TARGETED_DEVICE_FAMILY = 1;
				VERSIONING_SYSTEM = "apple-generic";
			};
			name = Debug;
		};
		13B07F951A680F5B00A75B9A /* Release */ = {
			isa = XCBuildConfiguration;
			baseConfigurationReference = 5709B34CF0A7D63546082F79 /* Pods-BirthdayAutopilot.release.xcconfig */;
			buildSettings = {
				ASSETCATALOG_COMPILER_APPICON_NAME = AppIcon;
				BIRTHDAY_FIREBASE_ENV = prod;
				BIRTHDAY_FIREBASE_PROJECT_ID = "";
				BIRTHDAY_GOOGLE_REVERSED_CLIENT_ID = "";
				BIRTHDAY_LEDGER_GENERATION = "birthday-ledger-v1";
				BIRTHDAY_PRIVACY_REVIEW_APPROVED = NO;
				BIRTHDAY_SOURCE_REVISION = "";
				CLANG_ENABLE_MODULES = YES;
				CODE_SIGN_ENTITLEMENTS = BirthdayAutopilot/BirthdayAutopilot.entitlements;
				CURRENT_PROJECT_VERSION = 1;
				INFOPLIST_FILE = BirthdayAutopilot/Info.plist;
				IPHONEOS_DEPLOYMENT_TARGET = 15.1;
				LD_RUNPATH_SEARCH_PATHS = (
					"$(inherited)",
					"@executable_path/Frameworks",
				);
				MARKETING_VERSION = 1.0;
				OTHER_LDFLAGS = (
					"$(inherited)",
					"-ObjC",
					"-lc++",
				);
				PRODUCT_BUNDLE_IDENTIFIER = com.yashsomani.birthdayautopilot;
				PRODUCT_NAME = BirthdayAutopilot;
				SUPPORTED_PLATFORMS = "iphoneos iphonesimulator";
				SWIFT_VERSION = 5.0;
				TARGETED_DEVICE_FAMILY = 1;
				VERSIONING_SYSTEM = "apple-generic";
			};
			name = Release;
		};
		E2E000042F20000100000004 /* E2E */ = {
			isa = XCBuildConfiguration;
			baseConfigurationReference = 3B4392A12AC88292D35C810B /* Pods-BirthdayAutopilot.debug.xcconfig */;
			buildSettings = {
				ASSETCATALOG_COMPILER_APPICON_NAME = "";
				BIRTHDAY_E2E_FIXTURE = YES;
				BIRTHDAY_FIREBASE_ENV = "e2e-fixture";
				BIRTHDAY_FIREBASE_PROJECT_ID = "";
				BIRTHDAY_GOOGLE_REVERSED_CLIENT_ID = "";
				BIRTHDAY_LEDGER_GENERATION = "";
				BIRTHDAY_PRIVACY_REVIEW_APPROVED = NO;
				BIRTHDAY_SOURCE_REVISION = "";
				CLANG_ENABLE_MODULES = YES;
				CODE_SIGN_ENTITLEMENTS = "BirthdayAutopilot/BirthdayAutopilot-E2E.entitlements";
				CODE_SIGNING_ALLOWED = NO;
				CODE_SIGNING_REQUIRED = NO;
				CURRENT_PROJECT_VERSION = 1;
				ENABLE_BITCODE = NO;
				GCC_PREPROCESSOR_DEFINITIONS = (
					"$(inherited)",
					"BIRTHDAY_E2E=1",
				);
				INFOPLIST_FILE = "BirthdayAutopilot/Info-E2E.plist";
				IPHONEOS_DEPLOYMENT_TARGET = 15.1;
				LD_RUNPATH_SEARCH_PATHS = (
					"$(inherited)",
					"@executable_path/Frameworks",
				);
				MARKETING_VERSION = 1.0;
				OTHER_CFLAGS = (
					"$(inherited)",
					"-DBIRTHDAY_E2E=1",
				);
				OTHER_LDFLAGS = (
					"$(inherited)",
					"-ObjC",
					"-lc++",
				);
				PRODUCT_BUNDLE_IDENTIFIER = com.yashsomani.birthdayautopilot.e2e;
				PRODUCT_NAME = BirthdayAutopilot;
				SDKROOT = iphonesimulator;
				SUPPORTED_PLATFORMS = iphonesimulator;
				SWIFT_ACTIVE_COMPILATION_CONDITIONS = "$(inherited) DEBUG BIRTHDAY_E2E";
				SWIFT_OPTIMIZATION_LEVEL = "-Onone";
				SWIFT_VERSION = 5.0;
				TARGETED_DEVICE_FAMILY = 1;
				VERSIONING_SYSTEM = "apple-generic";
			};
			name = E2E;
		};
		SMK000062F30000100000006 /* Smoke */ = {
			isa = XCBuildConfiguration;
			baseConfigurationReference = 3B4392A12AC88292D35C810B /* Pods-BirthdayAutopilot.debug.xcconfig */;
			buildSettings = {
				ASSETCATALOG_COMPILER_APPICON_NAME = "";
				BIRTHDAY_FIREBASE_ENV = "production-path-smoke";
				BIRTHDAY_FIREBASE_PROJECT_ID = "";
				BIRTHDAY_GOOGLE_REVERSED_CLIENT_ID = "";
				BIRTHDAY_LEDGER_GENERATION = "";
				BIRTHDAY_PRIVACY_REVIEW_APPROVED = NO;
				BIRTHDAY_PRODUCTION_SMOKE = YES;
				BIRTHDAY_SOURCE_REVISION = "";
				CLANG_ENABLE_MODULES = YES;
				CODE_SIGN_ENTITLEMENTS = "BirthdayAutopilot/BirthdayAutopilot-Smoke.entitlements";
				CODE_SIGNING_ALLOWED = NO;
				CODE_SIGNING_REQUIRED = NO;
				CURRENT_PROJECT_VERSION = 1;
				ENABLE_BITCODE = NO;
				GCC_PREPROCESSOR_DEFINITIONS = (
					"$(inherited)",
					"BIRTHDAY_SMOKE=1",
				);
				INFOPLIST_FILE = "BirthdayAutopilot/Info-Smoke.plist";
				IPHONEOS_DEPLOYMENT_TARGET = 15.1;
				LD_RUNPATH_SEARCH_PATHS = (
					"$(inherited)",
					"@executable_path/Frameworks",
				);
				MARKETING_VERSION = 1.0;
				OTHER_CFLAGS = (
					"$(inherited)",
					"-DBIRTHDAY_SMOKE=1",
				);
				OTHER_LDFLAGS = (
					"$(inherited)",
					"-ObjC",
					"-lc++",
				);
				PRODUCT_BUNDLE_IDENTIFIER = com.yashsomani.birthdayautopilot.smoke;
				PRODUCT_NAME = BirthdayAutopilot;
				SDKROOT = iphonesimulator;
				SUPPORTED_PLATFORMS = iphonesimulator;
				SWIFT_ACTIVE_COMPILATION_CONDITIONS = "$(inherited) DEBUG BIRTHDAY_SMOKE";
				SWIFT_OPTIMIZATION_LEVEL = "-Onone";
				SWIFT_VERSION = 5.0;
				TARGETED_DEVICE_FAMILY = 1;
				VERSIONING_SYSTEM = "apple-generic";
			};
			name = Smoke;
		};
		83CBBA201A601CBA00E9B192 /* Debug */ = {
			isa = XCBuildConfiguration;
			buildSettings = {
				ALWAYS_SEARCH_USER_PATHS = NO;
				CLANG_ANALYZER_LOCALIZABILITY_NONLOCALIZED = YES;
				CLANG_CXX_LANGUAGE_STANDARD = "c++20";
				CLANG_CXX_LIBRARY = "libc++";
				CLANG_ENABLE_MODULES = YES;
				CLANG_ENABLE_OBJC_ARC = YES;
				CLANG_WARN_BLOCK_CAPTURE_AUTORELEASING = YES;
				CLANG_WARN_BOOL_CONVERSION = YES;
				CLANG_WARN_COMMA = YES;
				CLANG_WARN_CONSTANT_CONVERSION = YES;
				CLANG_WARN_DEPRECATED_OBJC_IMPLEMENTATIONS = YES;
				CLANG_WARN_DIRECT_OBJC_ISA_USAGE = YES_ERROR;
				CLANG_WARN_EMPTY_BODY = YES;
				CLANG_WARN_ENUM_CONVERSION = YES;
				CLANG_WARN_INFINITE_RECURSION = YES;
				CLANG_WARN_INT_CONVERSION = YES;
				CLANG_WARN_NON_LITERAL_NULL_CONVERSION = YES;
				CLANG_WARN_OBJC_IMPLICIT_RETAIN_SELF = YES;
				CLANG_WARN_OBJC_LITERAL_CONVERSION = YES;
				CLANG_WARN_OBJC_ROOT_CLASS = YES_ERROR;
				CLANG_WARN_QUOTED_INCLUDE_IN_FRAMEWORK_HEADER = YES;
				CLANG_WARN_RANGE_LOOP_ANALYSIS = YES;
				CLANG_WARN_STRICT_PROTOTYPES = YES;
				CLANG_WARN_SUSPICIOUS_MOVE = YES;
				CLANG_WARN_UNREACHABLE_CODE = YES;
				CLANG_WARN__DUPLICATE_METHOD_MATCH = YES;
				"CODE_SIGN_IDENTITY[sdk=iphoneos*]" = "iPhone Developer";
				COPY_PHASE_STRIP = NO;
				ENABLE_STRICT_OBJC_MSGSEND = YES;
				ENABLE_TESTABILITY = YES;
				"EXCLUDED_ARCHS[sdk=iphonesimulator*]" = "";
				GCC_C_LANGUAGE_STANDARD = gnu99;
				GCC_DYNAMIC_NO_PIC = NO;
				GCC_NO_COMMON_BLOCKS = YES;
				GCC_OPTIMIZATION_LEVEL = 0;
				GCC_PREPROCESSOR_DEFINITIONS = (
					"DEBUG=1",
					"$(inherited)",
				);
				GCC_SYMBOLS_PRIVATE_EXTERN = NO;
				GCC_WARN_64_TO_32_BIT_CONVERSION = YES;
				GCC_WARN_ABOUT_RETURN_TYPE = YES_ERROR;
				GCC_WARN_UNDECLARED_SELECTOR = YES;
				GCC_WARN_UNINITIALIZED_AUTOS = YES_AGGRESSIVE;
				GCC_WARN_UNUSED_FUNCTION = YES;
				GCC_WARN_UNUSED_VARIABLE = YES;
				IPHONEOS_DEPLOYMENT_TARGET = 15.1;
				LD_RUNPATH_SEARCH_PATHS = (
					/usr/lib/swift,
					"$(inherited)",
				);
				LIBRARY_SEARCH_PATHS = (
					"\"$(SDKROOT)/usr/lib/swift\"",
					"\"$(TOOLCHAIN_DIR)/usr/lib/swift/$(PLATFORM_NAME)\"",
					"\"$(inherited)\"",
				);
				MTL_ENABLE_DEBUG_INFO = YES;
				ONLY_ACTIVE_ARCH = YES;
				OTHER_CFLAGS = (
					"$(inherited)",
					"-DRCT_REMOVE_LEGACY_ARCH=1",
				);
				OTHER_CPLUSPLUSFLAGS = (
					"$(OTHER_CFLAGS)",
					"-DFOLLY_NO_CONFIG",
					"-DFOLLY_MOBILE=1",
					"-DFOLLY_USE_LIBCPP=1",
					"-DFOLLY_CFG_NO_COROUTINES=1",
					"-DFOLLY_HAVE_CLOCK_GETTIME=1",
					"-DRCT_REMOVE_LEGACY_ARCH=1",
				);
				PODFILE_DIR = "$(SRCROOT)";
				REACT_NATIVE_PATH = "${PODS_ROOT}/../../node_modules/react-native";
				SDKROOT = iphoneos;
				SWIFT_ACTIVE_COMPILATION_CONDITIONS = "$(inherited) DEBUG";
				SWIFT_ENABLE_EXPLICIT_MODULES = NO;
				USE_HERMES = true;
			};
			name = Debug;
		};
		83CBBA211A601CBA00E9B192 /* Release */ = {
			isa = XCBuildConfiguration;
			buildSettings = {
				ALWAYS_SEARCH_USER_PATHS = NO;
				CLANG_ANALYZER_LOCALIZABILITY_NONLOCALIZED = YES;
				CLANG_CXX_LANGUAGE_STANDARD = "c++20";
				CLANG_CXX_LIBRARY = "libc++";
				CLANG_ENABLE_MODULES = YES;
				CLANG_ENABLE_OBJC_ARC = YES;
				CLANG_WARN_BLOCK_CAPTURE_AUTORELEASING = YES;
				CLANG_WARN_BOOL_CONVERSION = YES;
				CLANG_WARN_COMMA = YES;
				CLANG_WARN_CONSTANT_CONVERSION = YES;
				CLANG_WARN_DEPRECATED_OBJC_IMPLEMENTATIONS = YES;
				CLANG_WARN_DIRECT_OBJC_ISA_USAGE = YES_ERROR;
				CLANG_WARN_EMPTY_BODY = YES;
				CLANG_WARN_ENUM_CONVERSION = YES;
				CLANG_WARN_INFINITE_RECURSION = YES;
				CLANG_WARN_INT_CONVERSION = YES;
				CLANG_WARN_NON_LITERAL_NULL_CONVERSION = YES;
				CLANG_WARN_OBJC_IMPLICIT_RETAIN_SELF = YES;
				CLANG_WARN_OBJC_LITERAL_CONVERSION = YES;
				CLANG_WARN_OBJC_ROOT_CLASS = YES_ERROR;
				CLANG_WARN_QUOTED_INCLUDE_IN_FRAMEWORK_HEADER = YES;
				CLANG_WARN_RANGE_LOOP_ANALYSIS = YES;
				CLANG_WARN_STRICT_PROTOTYPES = YES;
				CLANG_WARN_SUSPICIOUS_MOVE = YES;
				CLANG_WARN_UNREACHABLE_CODE = YES;
				CLANG_WARN__DUPLICATE_METHOD_MATCH = YES;
				"CODE_SIGN_IDENTITY[sdk=iphoneos*]" = "iPhone Developer";
				COPY_PHASE_STRIP = YES;
				ENABLE_NS_ASSERTIONS = NO;
				ENABLE_STRICT_OBJC_MSGSEND = YES;
				"EXCLUDED_ARCHS[sdk=iphonesimulator*]" = "";
				GCC_C_LANGUAGE_STANDARD = gnu99;
				GCC_NO_COMMON_BLOCKS = YES;
				GCC_WARN_64_TO_32_BIT_CONVERSION = YES;
				GCC_WARN_ABOUT_RETURN_TYPE = YES_ERROR;
				GCC_WARN_UNDECLARED_SELECTOR = YES;
				GCC_WARN_UNINITIALIZED_AUTOS = YES_AGGRESSIVE;
				GCC_WARN_UNUSED_FUNCTION = YES;
				GCC_WARN_UNUSED_VARIABLE = YES;
				IPHONEOS_DEPLOYMENT_TARGET = 15.1;
				LD_RUNPATH_SEARCH_PATHS = (
					/usr/lib/swift,
					"$(inherited)",
				);
				LIBRARY_SEARCH_PATHS = (
					"\"$(SDKROOT)/usr/lib/swift\"",
					"\"$(TOOLCHAIN_DIR)/usr/lib/swift/$(PLATFORM_NAME)\"",
					"\"$(inherited)\"",
				);
				MTL_ENABLE_DEBUG_INFO = NO;
				OTHER_CFLAGS = (
					"$(inherited)",
					"-DRCT_REMOVE_LEGACY_ARCH=1",
				);
				OTHER_CPLUSPLUSFLAGS = (
					"$(OTHER_CFLAGS)",
					"-DFOLLY_NO_CONFIG",
					"-DFOLLY_MOBILE=1",
					"-DFOLLY_USE_LIBCPP=1",
					"-DFOLLY_CFG_NO_COROUTINES=1",
					"-DFOLLY_HAVE_CLOCK_GETTIME=1",
					"-DRCT_REMOVE_LEGACY_ARCH=1",
				);
				PODFILE_DIR = "$(SRCROOT)";
				REACT_NATIVE_PATH = "${PODS_ROOT}/../../node_modules/react-native";
				SDKROOT = iphoneos;
				SWIFT_ENABLE_EXPLICIT_MODULES = NO;
				USE_HERMES = true;
				VALIDATE_PRODUCT = YES;
			};
			name = Release;
		};
		E2E000052F20000100000005 /* E2E */ = {
			isa = XCBuildConfiguration;
			buildSettings = {
				ALWAYS_SEARCH_USER_PATHS = NO;
				CLANG_ANALYZER_LOCALIZABILITY_NONLOCALIZED = YES;
				CLANG_CXX_LANGUAGE_STANDARD = "c++20";
				CLANG_CXX_LIBRARY = "libc++";
				CLANG_ENABLE_MODULES = YES;
				CLANG_ENABLE_OBJC_ARC = YES;
				COPY_PHASE_STRIP = NO;
				ENABLE_STRICT_OBJC_MSGSEND = YES;
				ENABLE_TESTABILITY = YES;
				"EXCLUDED_ARCHS[sdk=iphonesimulator*]" = "";
				GCC_C_LANGUAGE_STANDARD = gnu99;
				GCC_DYNAMIC_NO_PIC = NO;
				GCC_NO_COMMON_BLOCKS = YES;
				GCC_OPTIMIZATION_LEVEL = 0;
				GCC_PREPROCESSOR_DEFINITIONS = (
					"DEBUG=1",
					"BIRTHDAY_E2E=1",
					"$(inherited)",
				);
				IPHONEOS_DEPLOYMENT_TARGET = 15.1;
				ONLY_ACTIVE_ARCH = YES;
				OTHER_CFLAGS = (
					"$(inherited)",
					"-DRCT_REMOVE_LEGACY_ARCH=1",
					"-DBIRTHDAY_E2E=1",
				);
				OTHER_CPLUSPLUSFLAGS = (
					"$(OTHER_CFLAGS)",
					"-DFOLLY_NO_CONFIG",
					"-DFOLLY_MOBILE=1",
					"-DFOLLY_USE_LIBCPP=1",
					"-DFOLLY_CFG_NO_COROUTINES=1",
					"-DFOLLY_HAVE_CLOCK_GETTIME=1",
					"-DRCT_REMOVE_LEGACY_ARCH=1",
				);
				PODFILE_DIR = "$(SRCROOT)";
				REACT_NATIVE_PATH = "${PODS_ROOT}/../../node_modules/react-native";
				SDKROOT = iphonesimulator;
				SUPPORTED_PLATFORMS = iphonesimulator;
				SWIFT_ACTIVE_COMPILATION_CONDITIONS = "$(inherited) DEBUG BIRTHDAY_E2E";
				SWIFT_ENABLE_EXPLICIT_MODULES = NO;
				USE_HERMES = true;
			};
			name = E2E;
		};
		SMK000072F30000100000007 /* Smoke */ = {
			isa = XCBuildConfiguration;
			buildSettings = {
				ALWAYS_SEARCH_USER_PATHS = NO;
				CLANG_ANALYZER_LOCALIZABILITY_NONLOCALIZED = YES;
				CLANG_CXX_LANGUAGE_STANDARD = "c++20";
				CLANG_CXX_LIBRARY = "libc++";
				CLANG_ENABLE_MODULES = YES;
				CLANG_ENABLE_OBJC_ARC = YES;
				COPY_PHASE_STRIP = NO;
				ENABLE_STRICT_OBJC_MSGSEND = YES;
				ENABLE_TESTABILITY = YES;
				"EXCLUDED_ARCHS[sdk=iphonesimulator*]" = "";
				GCC_C_LANGUAGE_STANDARD = gnu99;
				GCC_DYNAMIC_NO_PIC = NO;
				GCC_NO_COMMON_BLOCKS = YES;
				GCC_OPTIMIZATION_LEVEL = 0;
				GCC_PREPROCESSOR_DEFINITIONS = (
					"DEBUG=1",
					"BIRTHDAY_SMOKE=1",
					"$(inherited)",
				);
				IPHONEOS_DEPLOYMENT_TARGET = 15.1;
				ONLY_ACTIVE_ARCH = YES;
				OTHER_CFLAGS = (
					"$(inherited)",
					"-DRCT_REMOVE_LEGACY_ARCH=1",
					"-DBIRTHDAY_SMOKE=1",
				);
				OTHER_CPLUSPLUSFLAGS = (
					"$(OTHER_CFLAGS)",
					"-DFOLLY_NO_CONFIG",
					"-DFOLLY_MOBILE=1",
					"-DFOLLY_USE_LIBCPP=1",
					"-DFOLLY_CFG_NO_COROUTINES=1",
					"-DFOLLY_HAVE_CLOCK_GETTIME=1",
					"-DRCT_REMOVE_LEGACY_ARCH=1",
				);
				PODFILE_DIR = "$(SRCROOT)";
				REACT_NATIVE_PATH = "${PODS_ROOT}/../../node_modules/react-native";
				SDKROOT = iphonesimulator;
				SUPPORTED_PLATFORMS = iphonesimulator;
				SWIFT_ACTIVE_COMPILATION_CONDITIONS = "$(inherited) DEBUG BIRTHDAY_SMOKE";
				SWIFT_ENABLE_EXPLICIT_MODULES = NO;
				USE_HERMES = true;
			};
			name = Smoke;
		};
		A2A0000C2F1000010000000C /* Debug */ = {
			isa = XCBuildConfiguration;
			buildSettings = {
				BUNDLE_LOADER = "$(TEST_HOST)";
				CODE_SIGN_STYLE = Automatic;
				GENERATE_INFOPLIST_FILE = YES;
				IPHONEOS_DEPLOYMENT_TARGET = 15.1;
				PRODUCT_BUNDLE_IDENTIFIER = com.yashsomani.birthdayautopilot.tests;
				PRODUCT_NAME = "$(TARGET_NAME)";
				SDKROOT = iphoneos;
				SWIFT_VERSION = 5.0;
				TARGETED_DEVICE_FAMILY = 1;
				TEST_HOST = "$(BUILT_PRODUCTS_DIR)/BirthdayAutopilot.app/$(BUNDLE_EXECUTABLE_FOLDER_PATH)/BirthdayAutopilot";
			};
			name = Debug;
		};
		A2A0000E2F1000010000000E /* Release */ = {
			isa = XCBuildConfiguration;
			buildSettings = {
				BUNDLE_LOADER = "$(TEST_HOST)";
				CODE_SIGN_STYLE = Automatic;
				GENERATE_INFOPLIST_FILE = YES;
				IPHONEOS_DEPLOYMENT_TARGET = 15.1;
				PRODUCT_BUNDLE_IDENTIFIER = com.yashsomani.birthdayautopilot.tests;
				PRODUCT_NAME = "$(TARGET_NAME)";
				SDKROOT = iphoneos;
				SWIFT_VERSION = 5.0;
				TARGETED_DEVICE_FAMILY = 1;
				TEST_HOST = "$(BUILT_PRODUCTS_DIR)/BirthdayAutopilot.app/$(BUNDLE_EXECUTABLE_FOLDER_PATH)/BirthdayAutopilot";
			};
			name = Release;
		};
/* End XCBuildConfiguration section */

/* Begin XCConfigurationList section */
		13B07F931A680F5B00A75B9A /* Build configuration list for PBXNativeTarget "BirthdayAutopilot" */ = {
			isa = XCConfigurationList;
			buildConfigurations = (
				13B07F941A680F5B00A75B9A /* Debug */,
				E2E000042F20000100000004 /* E2E */,
				SMK000062F30000100000006 /* Smoke */,
				13B07F951A680F5B00A75B9A /* Release */,
			);
			defaultConfigurationIsVisible = 0;
			defaultConfigurationName = Release;
		};
		83CBB9FA1A601CBA00E9B192 /* Build configuration list for PBXProject "BirthdayAutopilot" */ = {
			isa = XCConfigurationList;
			buildConfigurations = (
				83CBBA201A601CBA00E9B192 /* Debug */,
				E2E000052F20000100000005 /* E2E */,
				SMK000072F30000100000007 /* Smoke */,
				83CBBA211A601CBA00E9B192 /* Release */,
			);
			defaultConfigurationIsVisible = 0;
			defaultConfigurationName = Release;
		};
		A2A0000D2F1000010000000D /* Build configuration list for PBXNativeTarget "BirthdayAutopilotTests" */ = {
			isa = XCConfigurationList;
			buildConfigurations = (
				A2A0000C2F1000010000000C /* Debug */,
				A2A0000E2F1000010000000E /* Release */,
			);
			defaultConfigurationIsVisible = 0;
			defaultConfigurationName = Release;
		};
/* End XCConfigurationList section */
	};
	rootObject = 83CBB9F71A601CBA00E9B192 /* Project object */;
}
